{
  "name": "node-red-contrib-c8y",
  "version": "0.0.1",
  "lockfileVersion": 2,
  "requires": true,
  "packages": {
    "": {
      "name": "node-red-contrib-c8y",
      "version": "0.0.1",
      "license": "Apache-2.0",
      "dependencies": {
        "@c8y/client": "^1018.0.143"
      }
    },
    "node_modules/@c8y/client": {
      "version": "1018.510.4",
      "resolved": "https://registry.npmjs.org/@c8y/client/-/client-1018.510.4.tgz",
      "integrity": "sha512-uU7RTiWnPbli+844XJ20zogEEkGSHjpgkcWlNliBFa0TSM6gSRw+FmvGo0rAFjUZJyznz6J4uZT/WuPtLydMeQ==",
      "dependencies": {
        "@types/cometd": "4.0.8",
        "@types/node": "14.11.11",
        "b2a": "1.1.2",
        "cometd": "4.0.8",
        "cometd-nodejs-client": "1.0.2",
        "cross-fetch": "3.1.5",
        "form-data": "4.0.0",
        "isomorphic-cometd": "1.1.0"
      }
    },
    "node_modules/@types/cometd": {
      "version": "4.0.8",
      "resolved": "https://registry.npmjs.org/@types/cometd/-/cometd-4.0.8.tgz",
      "integrity": "sha512-FP1izojjD5kjIoGKfyCyIYMON6p3WQ2H+zrdCdQtYzahO+5IggmwCYZ0hruCv8m/sOJqFpBOJLTt1iGa3oy/kQ=="
    },
    "node_modules/@types/node": {
      "version": "14.11.11",
      "resolved": "https://registry.npmjs.org/@types/node/-/node-14.11.11.tgz",
      "integrity": "sha512-UcaAZrL8uO5GNS+NLxkYg1RiOMgdLxCXGqs+TTupltXN8rTvUEKTOpqCV3tlcAIZJXzcBQajzmjdrvuPvnuMUw=="
    },
    "node_modules/asynckit": {
      "version": "0.4.0",
      "resolved": "https://registry.npmjs.org/asynckit/-/asynckit-0.4.0.tgz",
      "integrity": "sha512-Oei9OH4tRh0YqU3GxhX79dM/mwVgvbZJaSNaRk+bshkj0S5cfHcgYakreBjrHwatXKbz+IoIdYLxrKim2MjW0Q=="
    },
    "node_modules/b2a": {
      "version": "1.1.2",
      "resolved": "https://registry.npmjs.org/b2a/-/b2a-1.1.2.tgz",
      "integrity": "sha512-Ee7SUAyWeIx4ICRygOi7dVlGpHRxynsaLIZwOtHtGKls3LhLchTRk5KrI0O8ioWqy94ikkE8Z2Li3LWNd027/A==",
      "engines": {
        "node": ">=4"
      }
    },
    "node_modules/combined-stream": {
      "version": "1.0.8",
      "resolved": "https://registry.npmjs.org/combined-stream/-/combined-stream-1.0.8.tgz",
      "integrity": "sha512-FQN4MRfuJeHf7cBbBMJFXhKSDq+2kAArBlmRBvcvFE5BB1HZKXtSFASDhdlz9zOYwxh8lDdnvmMOe/+5cdoEdg==",
      "dependencies": {
        "delayed-stream": "~1.0.0"
      },
      "engines": {
        "node": ">= 0.8"
      }
    },
    "node_modules/cometd": {
      "version": "4.0.8",
      "resolved": "https://registry.npmjs.org/cometd/-/cometd-4.0.8.tgz",
      "integrity": "sha512-HvbLklF0ByT/ZOICgu6O2TQYXSRyuHYFLfvr9MrjrN1C79JHitHpQ/phD1Kiut3NyjPrt/6jjXCpKbfsxRl71w=="
    },
    "node_modules/cometd-nodejs-client": {
      "version": "1.0.2",
      "resolved": "https://registry.npmjs.org/cometd-nodejs-client/-/cometd-nodejs-client-1.0.2.tgz",
      "integrity": "sha512-V49AZtxrEhbHRSSTYdTB0i8SGa5ip3iwbTfboVEku5/H9fMAw4GkFnzzKSBU96jCNkTq46vIuN1V5UhUIeCjMA=="
    },
    "node_modules/cross-fetch": {
      "version": "3.1.5",
      "resolved": "https://registry.npmjs.org/cross-fetch/-/cross-fetch-3.1.5.tgz",
      "integrity": "sha512-lvb1SBsI0Z7GDwmuid+mU3kWVBwTVUbe7S0H52yaaAdQOXq2YktTCZdlAcNKFzE6QtRz0snpw9bNiPeOIkkQvw==",
      "dependencies": {
        "node-fetch": "2.6.7"
      }
    },
    "node_modules/delayed-stream": {
      "version": "1.0.0",
      "resolved": "https://registry.npmjs.org/delayed-stream/-/delayed-stream-1.0.0.tgz",
      "integrity": "sha512-ZySD7Nf91aLB0RxL4KGrKHBXl7Eds1DAmEdcoVawXnLD7SDhpNgtuII2aAkg7a7QS41jxPSZ17p4VdGnMHk3MQ==",
      "engines": {
        "node": ">=0.4.0"
      }
    },
    "node_modules/form-data": {
      "version": "4.0.0",
      "resolved": "https://registry.npmjs.org/form-data/-/form-data-4.0.0.tgz",
      "integrity": "sha512-ETEklSGi5t0QMZuiXoA/Q6vcnxcLQP5vdugSpuAyi6SVGi2clPPp+xgEhuMaHC+zGgn31Kd235W35f7Hykkaww==",
      "dependencies": {
        "asynckit": "^0.4.0",
        "combined-stream": "^1.0.8",
        "mime-types": "^2.1.12"
      },
      "engines": {
        "node": ">= 6"
      }
    },
    "node_modules/isomorphic-cometd": {
      "version": "1.1.0",
      "resolved": "https://registry.npmjs.org/isomorphic-cometd/-/isomorphic-cometd-1.1.0.tgz",
      "integrity": "sha512-o0iUTH562Ierb3mhtiwDZWLmfGUxu6PF7sCcX9KjvBJM91h3kHBOdNhTNqgEgSoco+UvgCBBsT7Ec0oPo9xgKQ==",
      "peerDependencies": {
        "cometd": ">= 3.1.4",
        "cometd-nodejs-client": ">= 1.0.2"
      }
    },
    "node_modules/mime-db": {
      "version": "1.52.0",
      "resolved": "https://registry.npmjs.org/mime-db/-/mime-db-1.52.0.tgz",
      "integrity": "sha512-sPU4uV7dYlvtWJxwwxHD0PuihVNiE7TyAbQ5SWxDCB9mUYvOgroQOwYQQOKPJ8CIbE+1ETVlOoK1UC2nU3gYvg==",
      "engines": {
        "node": ">= 0.6"
      }
    },
    "node_modules/mime-types": {
      "version": "2.1.35",
      "resolved": "https://registry.npmjs.org/mime-types/-/mime-types-2.1.35.tgz",
      "integrity": "sha512-ZDY+bPm5zTTF+YpCrAU9nK0UgICYPT0QtT1NZWFv4s++TNkcgVaT0g6+4R2uI4MjQjzysHB1zxuWL50hzaeXiw==",
      "dependencies": {
        "mime-db": "1.52.0"
      },
      "engines": {
        "node": ">= 0.6"
      }
    },
    "node_modules/node-fetch": {
      "version": "2.6.7",
      "resolved": "https://registry.npmjs.org/node-fetch/-/node-fetch-2.6.7.tgz",
      "integrity": "sha512-ZjMPFEfVx5j+y2yF35Kzx5sF7kDzxuDj6ziH4FFbOp87zKDZNx8yExJIb05OGF4Nlt9IHFIMBkRl41VdvcNdbQ==",
      "dependencies": {
        "whatwg-url": "^5.0.0"
      },
      "engines": {
        "node": "4.x || >=6.0.0"
      },
      "peerDependencies": {
        "encoding": "^0.1.0"
      },
      "peerDependenciesMeta": {
        "encoding": {
          "optional": true
        }
      }
    },
    "node_modules/tr46": {
      "version": "0.0.3",
      "resolved": "https://registry.npmjs.org/tr46/-/tr46-0.0.3.tgz",
      "integrity": "sha512-N3WMsuqV66lT30CrXNbEjx4GEwlow3v6rr4mCcv6prnfwhS01rkgyFdjPNBYd9br7LpXV1+Emh01fHnq2Gdgrw=="
    },
    "node_modules/webidl-conversions": {
      "version": "3.0.1",
      "resolved": "https://registry.npmjs.org/webidl-conversions/-/webidl-conversions-3.0.1.tgz",
      "integrity": "sha512-2JAn3z8AR6rjK8Sm8orRC0h/bcl/DqL7tRPdGZ4I1CjdF+EaMLmYxBHyXuKL849eucPFhvBoxMsflfOb8kxaeQ=="
    },
    "node_modules/whatwg-url": {
      "version": "5.0.0",
      "resolved": "https://registry.npmjs.org/whatwg-url/-/whatwg-url-5.0.0.tgz",
      "integrity": "sha512-saE57nupxk6v3HY35+jzBwYa0rKSy0XR8JSxZPwgLr7ys0IBzhGviA1/TUGJLmSVqs8pb9AnvICXEuOHLprYTw==",
      "dependencies": {
        "tr46": "~0.0.3",
        "webidl-conversions": "^3.0.0"
      }
    }
  },
  "dependencies": {
    "@c8y/client": {
      "version": "1018.510.4",
      "resolved": "https://registry.npmjs.org/@c8y/client/-/client-1018.510.4.tgz",
      "integrity": "sha512-uU7RTiWnPbli+844XJ20zogEEkGSHjpgkcWlNliBFa0TSM6gSRw+FmvGo0rAFjUZJyznz6J4uZT/WuPtLydMeQ==",
      "requires": {
        "@types/cometd": "4.0.8",
        "@types/node": "14.11.11",
        "b2a": "1.1.2",
        "cometd": "4.0.8",
        "cometd-nodejs-client": "1.0.2",
        "cross-fetch": "3.1.5",
        "form-data": "4.0.0",
        "isomorphic-cometd": "1.1.0"
      }
    },
    "@types/cometd": {
      "version": "4.0.8",
      "resolved": "https://registry.npmjs.org/@types/cometd/-/cometd-4.0.8.tgz",
      "integrity": "sha512-FP1izojjD5kjIoGKfyCyIYMON6p3WQ2H+zrdCdQtYzahO+5IggmwCYZ0hruCv8m/sOJqFpBOJLTt1iGa3oy/kQ=="
    },
    "@types/node": {
      "version": "14.11.11",
      "resolved": "https://registry.npmjs.org/@types/node/-/node-14.11.11.tgz",
      "integrity": "sha512-UcaAZrL8uO5GNS+NLxkYg1RiOMgdLxCXGqs+TTupltXN8rTvUEKTOpqCV3tlcAIZJXzcBQajzmjdrvuPvnuMUw=="
    },
    "asynckit": {
      "version": "0.4.0",
      "resolved": "https://registry.npmjs.org/asynckit/-/asynckit-0.4.0.tgz",
      "integrity": "sha512-Oei9OH4tRh0YqU3GxhX79dM/mwVgvbZJaSNaRk+bshkj0S5cfHcgYakreBjrHwatXKbz+IoIdYLxrKim2MjW0Q=="
    },
    "b2a": {
      "version": "1.1.2",
      "resolved": "https://registry.npmjs.org/b2a/-/b2a-1.1.2.tgz",
      "integrity": "sha512-Ee7SUAyWeIx4ICRygOi7dVlGpHRxynsaLIZwOtHtGKls3LhLchTRk5KrI0O8ioWqy94ikkE8Z2Li3LWNd027/A=="
    },
    "combined-stream": {
      "version": "1.0.8",
      "resolved": "https://registry.npmjs.org/combined-stream/-/combined-stream-1.0.8.tgz",
      "integrity": "sha512-FQN4MRfuJeHf7cBbBMJFXhKSDq+2kAArBlmRBvcvFE5BB1HZKXtSFASDhdlz9zOYwxh8lDdnvmMOe/+5cdoEdg==",
      "requires": {
        "delayed-stream": "~1.0.0"
      }
    },
    "cometd": {
      "version": "4.0.8",
      "resolved": "https://registry.npmjs.org/cometd/-/cometd-4.0.8.tgz",
      "integrity": "sha512-HvbLklF0ByT/ZOICgu6O2TQYXSRyuHYFLfvr9MrjrN1C79JHitHpQ/phD1Kiut3NyjPrt/6jjXCpKbfsxRl71w=="
    },
    "cometd-nodejs-client": {
      "version": "1.0.2",
      "resolved": "https://registry.npmjs.org/cometd-nodejs-client/-/cometd-nodejs-client-1.0.2.tgz",
      "integrity": "sha512-V49AZtxrEhbHRSSTYdTB0i8SGa5ip3iwbTfboVEku5/H9fMAw4GkFnzzKSBU96jCNkTq46vIuN1V5UhUIeCjMA=="
    },
    "cross-fetch": {
      "version": "3.1.5",
      "resolved": "https://registry.npmjs.org/cross-fetch/-/cross-fetch-3.1.5.tgz",
      "integrity": "sha512-lvb1SBsI0Z7GDwmuid+mU3kWVBwTVUbe7S0H52yaaAdQOXq2YktTCZdlAcNKFzE6QtRz0snpw9bNiPeOIkkQvw==",
      "requires": {
        "node-fetch": "2.6.7"
      }
    },
    "delayed-stream": {
      "version": "1.0.0",
      "resolved": "https://registry.npmjs.org/delayed-stream/-/delayed-stream-1.0.0.tgz",
      "integrity": "sha512-ZySD7Nf91aLB0RxL4KGrKHBXl7Eds1DAmEdcoVawXnLD7SDhpNgtuII2aAkg7a7QS41jxPSZ17p4VdGnMHk3MQ=="
    },
    "form-data": {
      "version": "4.0.0",
      "resolved": "https://registry.npmjs.org/form-data/-/form-data-4.0.0.tgz",
      "integrity": "sha512-ETEklSGi5t0QMZuiXoA/Q6vcnxcLQP5vdugSpuAyi6SVGi2clPPp+xgEhuMaHC+zGgn31Kd235W35f7Hykkaww==",
      "requires": {
        "asynckit": "^0.4.0",
        "combined-stream": "^1.0.8",
        "mime-types": "^2.1.12"
      }
    },
    "isomorphic-cometd": {
      "version": "1.1.0",
      "resolved": "https://registry.npmjs.org/isomorphic-cometd/-/isomorphic-cometd-1.1.0.tgz",
      "integrity": "sha512-o0iUTH562Ierb3mhtiwDZWLmfGUxu6PF7sCcX9KjvBJM91h3kHBOdNhTNqgEgSoco+UvgCBBsT7Ec0oPo9xgKQ==",
      "requires": {}
    },
    "mime-db": {
      "version": "1.52.0",
      "resolved": "https://registry.npmjs.org/mime-db/-/mime-db-1.52.0.tgz",
      "integrity": "sha512-sPU4uV7dYlvtWJxwwxHD0PuihVNiE7TyAbQ5SWxDCB9mUYvOgroQOwYQQOKPJ8CIbE+1ETVlOoK1UC2nU3gYvg=="
    },
    "mime-types": {
      "version": "2.1.35",
      "resolved": "https://registry.npmjs.org/mime-types/-/mime-types-2.1.35.tgz",
      "integrity": "sha512-ZDY+bPm5zTTF+YpCrAU9nK0UgICYPT0QtT1NZWFv4s++TNkcgVaT0g6+4R2uI4MjQjzysHB1zxuWL50hzaeXiw==",
      "requires": {
        "mime-db": "1.52.0"
      }
    },
    "node-fetch": {
      "version": "2.6.7",
      "resolved": "https://registry.npmjs.org/node-fetch/-/node-fetch-2.6.7.tgz",
      "integrity": "sha512-ZjMPFEfVx5j+y2yF35Kzx5sF7kDzxuDj6ziH4FFbOp87zKDZNx8yExJIb05OGF4Nlt9IHFIMBkRl41VdvcNdbQ==",
      "requires": {
        "whatwg-url": "^5.0.0"
      }
    },
    "tr46": {
      "version": "0.0.3",
      "resolved": "https://registry.npmjs.org/tr46/-/tr46-0.0.3.tgz",
      "integrity": "sha512-N3WMsuqV66lT30CrXNbEjx4GEwlow3v6rr4mCcv6prnfwhS01rkgyFdjPNBYd9br7LpXV1+Emh01fHnq2Gdgrw=="
    },
    "webidl-conversions": {
      "version": "3.0.1",
      "resolved": "https://registry.npmjs.org/webidl-conversions/-/webidl-conversions-3.0.1.tgz",
      "integrity": "sha512-2JAn3z8AR6rjK8Sm8orRC0h/bcl/DqL7tRPdGZ4I1CjdF+EaMLmYxBHyXuKL849eucPFhvBoxMsflfOb8kxaeQ=="
    },
    "whatwg-url": {
      "version": "5.0.0",
      "resolved": "https://registry.npmjs.org/whatwg-url/-/whatwg-url-5.0.0.tgz",
      "integrity": "sha512-saE57nupxk6v3HY35+jzBwYa0rKSy0XR8JSxZPwgLr7ys0IBzhGviA1/TUGJLmSVqs8pb9AnvICXEuOHLprYTw==",
      "requires": {
        "tr46": "~0.0.3",
        "webidl-conversions": "^3.0.0"
      }
    }
  }
}
